{
  "name": "gtw",
  "version": "1.0.0",
  "lockfileVersion": 3,
  "requires": true,
  "packages": {
    "": {
      "name": "gtw",
      "version": "1.0.0",
      "license": "ISC",
      "dependencies": {
        "tiddlywiki": "^5.3.5"
      }
    },
    "node_modules/tiddlywiki": {
      "version": "5.3.5",
      "resolved": "https://registry.npmjs.org/tiddlywiki/-/tiddlywiki-5.3.5.tgz",
      "integrity": "sha512-8pTmnQdkcHbol9D86Op7OGK4sGDqm19HWT2qgpSxPHfDG0yJ2rSBUTRuOMuh9GoPP0Tcz9+1Pe8A1m6pvd/zYQ==",
      "bin": {
        "tiddlywiki": "tiddlywiki.js"
      },
      "engines": {
        "node": ">=0.8.2"
      }
    }
  }
}
